
Microsoft Visual Studio Solution File, Format Version 12.00
# Visual Studio Version 16
VisualStudioVersion = 16.0.31424.327
MinimumVisualStudioVersion = 10.0.40219.1
Project("{FAE04EC0-301F-11D3-BF4B-00C04F79EFBC}") = "exam11", "exam11\exam11.csproj", "{6C1C771B-8E8C-4CDA-AEDE-A9C65352E506}"
EndProject
Global
	GlobalSection(SolutionConfigurationPlatforms) = preSolution
		Debug|Any CPU = Debug|Any CPU
		Release|Any CPU = Release|Any CPU
	EndGlobalSection
	GlobalSection(ProjectConfigurationPlatforms) = postSolution
		{6C1C771B-8E8C-4CDA-AEDE-A9C65352E506}.Debug|Any CPU.ActiveCfg = Debug|Any CPU
		{6C1C771B-8E8C-4CDA-AEDE-A9C65352E506}.Debug|Any CPU.Build.0 = Debug|Any CPU
		{6C1C771B-8E8C-4CDA-AEDE-A9C65352E506}.Release|Any CPU.ActiveCfg = Release|Any CPU
		{6C1C771B-8E8C-4CDA-AEDE-A9C65352E506}.Release|Any CPU.Build.0 = Release|Any CPU
	EndGlobalSection
	GlobalSection(SolutionProperties) = preSolution
		HideSolutionNode = FALSE
	EndGlobalSection
	GlobalSection(ExtensibilityGlobals) = postSolution
		SolutionGuid = {CC25C085-A37F-46B6-A174-2C490101474F}
	EndGlobalSection
EndGlobal
