
Microsoft Visual Studio Solution File, Format Version 12.00
# Visual Studio Version 16
VisualStudioVersion = 16.0.31424.327
MinimumVisualStudioVersion = 10.0.40219.1
Project("{FAE04EC0-301F-11D3-BF4B-00C04F79EFBC}") = "jet", "jet\jet.csproj", "{9EDDCD18-554A-49EC-A2E6-F7103009AC89}"
EndProject
Global
	GlobalSection(SolutionConfigurationPlatforms) = preSolution
		Debug|Any CPU = Debug|Any CPU
		Release|Any CPU = Release|Any CPU
	EndGlobalSection
	GlobalSection(ProjectConfigurationPlatforms) = postSolution
		{9EDDCD18-554A-49EC-A2E6-F7103009AC89}.Debug|Any CPU.ActiveCfg = Debug|Any CPU
		{9EDDCD18-554A-49EC-A2E6-F7103009AC89}.Debug|Any CPU.Build.0 = Debug|Any CPU
		{9EDDCD18-554A-49EC-A2E6-F7103009AC89}.Release|Any CPU.ActiveCfg = Release|Any CPU
		{9EDDCD18-554A-49EC-A2E6-F7103009AC89}.Release|Any CPU.Build.0 = Release|Any CPU
	EndGlobalSection
	GlobalSection(SolutionProperties) = preSolution
		HideSolutionNode = FALSE
	EndGlobalSection
	GlobalSection(ExtensibilityGlobals) = postSolution
		SolutionGuid = {4EFA0344-1F5C-4594-BD99-C220C6F9908E}
	EndGlobalSection
EndGlobal
