
Microsoft Visual Studio Solution File, Format Version 12.00
# Visual Studio Version 16
VisualStudioVersion = 16.0.31424.327
MinimumVisualStudioVersion = 10.0.40219.1
Project("{FAE04EC0-301F-11D3-BF4B-00C04F79EFBC}") = "arnon3", "arnon3\arnon3.csproj", "{472EC63C-CE36-4359-B025-7FB718D1B745}"
EndProject
Global
	GlobalSection(SolutionConfigurationPlatforms) = preSolution
		Debug|Any CPU = Debug|Any CPU
		Release|Any CPU = Release|Any CPU
	EndGlobalSection
	GlobalSection(ProjectConfigurationPlatforms) = postSolution
		{472EC63C-CE36-4359-B025-7FB718D1B745}.Debug|Any CPU.ActiveCfg = Debug|Any CPU
		{472EC63C-CE36-4359-B025-7FB718D1B745}.Debug|Any CPU.Build.0 = Debug|Any CPU
		{472EC63C-CE36-4359-B025-7FB718D1B745}.Release|Any CPU.ActiveCfg = Release|Any CPU
		{472EC63C-CE36-4359-B025-7FB718D1B745}.Release|Any CPU.Build.0 = Release|Any CPU
	EndGlobalSection
	GlobalSection(SolutionProperties) = preSolution
		HideSolutionNode = FALSE
	EndGlobalSection
	GlobalSection(ExtensibilityGlobals) = postSolution
		SolutionGuid = {966C0AD9-B127-4A58-AC29-D4E8A2A974B2}
	EndGlobalSection
EndGlobal
