
Microsoft Visual Studio Solution File, Format Version 12.00
# Visual Studio Version 16
VisualStudioVersion = 16.0.31424.327
MinimumVisualStudioVersion = 10.0.40219.1
Project("{FAE04EC0-301F-11D3-BF4B-00C04F79EFBC}") = "example 24", "example 24\example 24.csproj", "{232224C2-BD77-4075-83CC-402A1E414B88}"
EndProject
Global
	GlobalSection(SolutionConfigurationPlatforms) = preSolution
		Debug|Any CPU = Debug|Any CPU
		Release|Any CPU = Release|Any CPU
	EndGlobalSection
	GlobalSection(ProjectConfigurationPlatforms) = postSolution
		{232224C2-BD77-4075-83CC-402A1E414B88}.Debug|Any CPU.ActiveCfg = Debug|Any CPU
		{232224C2-BD77-4075-83CC-402A1E414B88}.Debug|Any CPU.Build.0 = Debug|Any CPU
		{232224C2-BD77-4075-83CC-402A1E414B88}.Release|Any CPU.ActiveCfg = Release|Any CPU
		{232224C2-BD77-4075-83CC-402A1E414B88}.Release|Any CPU.Build.0 = Release|Any CPU
	EndGlobalSection
	GlobalSection(SolutionProperties) = preSolution
		HideSolutionNode = FALSE
	EndGlobalSection
	GlobalSection(ExtensibilityGlobals) = postSolution
		SolutionGuid = {5B2B64EE-14C7-4310-9C32-9572198B6B1D}
	EndGlobalSection
EndGlobal
