
Microsoft Visual Studio Solution File, Format Version 12.00
# Visual Studio Version 16
VisualStudioVersion = 16.0.31424.327
MinimumVisualStudioVersion = 10.0.40219.1
Project("{FAE04EC0-301F-11D3-BF4B-00C04F79EFBC}") = "pretest2", "pretest2\pretest2.csproj", "{52DB841F-B60E-4CA3-9874-321F9507BD87}"
EndProject
Global
	GlobalSection(SolutionConfigurationPlatforms) = preSolution
		Debug|Any CPU = Debug|Any CPU
		Release|Any CPU = Release|Any CPU
	EndGlobalSection
	GlobalSection(ProjectConfigurationPlatforms) = postSolution
		{52DB841F-B60E-4CA3-9874-321F9507BD87}.Debug|Any CPU.ActiveCfg = Debug|Any CPU
		{52DB841F-B60E-4CA3-9874-321F9507BD87}.Debug|Any CPU.Build.0 = Debug|Any CPU
		{52DB841F-B60E-4CA3-9874-321F9507BD87}.Release|Any CPU.ActiveCfg = Release|Any CPU
		{52DB841F-B60E-4CA3-9874-321F9507BD87}.Release|Any CPU.Build.0 = Release|Any CPU
	EndGlobalSection
	GlobalSection(SolutionProperties) = preSolution
		HideSolutionNode = FALSE
	EndGlobalSection
	GlobalSection(ExtensibilityGlobals) = postSolution
		SolutionGuid = {2D7DCAAE-B508-4749-8627-607AD93A78DA}
	EndGlobalSection
EndGlobal
