
Microsoft Visual Studio Solution File, Format Version 12.00
# Visual Studio Version 16
VisualStudioVersion = 16.0.31424.327
MinimumVisualStudioVersion = 10.0.40219.1
Project("{FAE04EC0-301F-11D3-BF4B-00C04F79EFBC}") = "testchatchawan", "testchatchawan\testchatchawan.csproj", "{1D1E204C-7E3D-4D63-8E9B-25082820B86E}"
EndProject
Global
	GlobalSection(SolutionConfigurationPlatforms) = preSolution
		Debug|Any CPU = Debug|Any CPU
		Release|Any CPU = Release|Any CPU
	EndGlobalSection
	GlobalSection(ProjectConfigurationPlatforms) = postSolution
		{1D1E204C-7E3D-4D63-8E9B-25082820B86E}.Debug|Any CPU.ActiveCfg = Debug|Any CPU
		{1D1E204C-7E3D-4D63-8E9B-25082820B86E}.Debug|Any CPU.Build.0 = Debug|Any CPU
		{1D1E204C-7E3D-4D63-8E9B-25082820B86E}.Release|Any CPU.ActiveCfg = Release|Any CPU
		{1D1E204C-7E3D-4D63-8E9B-25082820B86E}.Release|Any CPU.Build.0 = Release|Any CPU
	EndGlobalSection
	GlobalSection(SolutionProperties) = preSolution
		HideSolutionNode = FALSE
	EndGlobalSection
	GlobalSection(ExtensibilityGlobals) = postSolution
		SolutionGuid = {FF4C98F6-4EEF-41DB-A8DE-34C1F335AFF2}
	EndGlobalSection
EndGlobal
