
Microsoft Visual Studio Solution File, Format Version 12.00
# Visual Studio Version 16
VisualStudioVersion = 16.0.31424.327
MinimumVisualStudioVersion = 10.0.40219.1
Project("{FAE04EC0-301F-11D3-BF4B-00C04F79EFBC}") = "test23", "test23\test23.csproj", "{47763DBB-A18A-41E4-A1EC-409F0259D671}"
EndProject
Global
	GlobalSection(SolutionConfigurationPlatforms) = preSolution
		Debug|Any CPU = Debug|Any CPU
		Release|Any CPU = Release|Any CPU
	EndGlobalSection
	GlobalSection(ProjectConfigurationPlatforms) = postSolution
		{47763DBB-A18A-41E4-A1EC-409F0259D671}.Debug|Any CPU.ActiveCfg = Debug|Any CPU
		{47763DBB-A18A-41E4-A1EC-409F0259D671}.Debug|Any CPU.Build.0 = Debug|Any CPU
		{47763DBB-A18A-41E4-A1EC-409F0259D671}.Release|Any CPU.ActiveCfg = Release|Any CPU
		{47763DBB-A18A-41E4-A1EC-409F0259D671}.Release|Any CPU.Build.0 = Release|Any CPU
	EndGlobalSection
	GlobalSection(SolutionProperties) = preSolution
		HideSolutionNode = FALSE
	EndGlobalSection
	GlobalSection(ExtensibilityGlobals) = postSolution
		SolutionGuid = {AAF84DC6-4B24-4352-8C43-93CA306B5C0F}
	EndGlobalSection
EndGlobal
