
Microsoft Visual Studio Solution File, Format Version 12.00
# Visual Studio Version 16
VisualStudioVersion = 16.0.31424.327
MinimumVisualStudioVersion = 10.0.40219.1
Project("{FAE04EC0-301F-11D3-BF4B-00C04F79EFBC}") = "siriwimol", "siriwimol\siriwimol.csproj", "{E4FEFA50-DABE-41D5-972D-E29335836B1F}"
EndProject
Global
	GlobalSection(SolutionConfigurationPlatforms) = preSolution
		Debug|Any CPU = Debug|Any CPU
		Release|Any CPU = Release|Any CPU
	EndGlobalSection
	GlobalSection(ProjectConfigurationPlatforms) = postSolution
		{E4FEFA50-DABE-41D5-972D-E29335836B1F}.Debug|Any CPU.ActiveCfg = Debug|Any CPU
		{E4FEFA50-DABE-41D5-972D-E29335836B1F}.Debug|Any CPU.Build.0 = Debug|Any CPU
		{E4FEFA50-DABE-41D5-972D-E29335836B1F}.Release|Any CPU.ActiveCfg = Release|Any CPU
		{E4FEFA50-DABE-41D5-972D-E29335836B1F}.Release|Any CPU.Build.0 = Release|Any CPU
	EndGlobalSection
	GlobalSection(SolutionProperties) = preSolution
		HideSolutionNode = FALSE
	EndGlobalSection
	GlobalSection(ExtensibilityGlobals) = postSolution
		SolutionGuid = {A57B8852-7F8B-47FF-8E1C-B4692D6B627F}
	EndGlobalSection
EndGlobal
