
Microsoft Visual Studio Solution File, Format Version 12.00
# Visual Studio Version 16
VisualStudioVersion = 16.0.31424.327
MinimumVisualStudioVersion = 10.0.40219.1
Project("{FAE04EC0-301F-11D3-BF4B-00C04F79EFBC}") = "work", "work\work.csproj", "{65B38C13-7A99-44A4-9956-6CA010979658}"
EndProject
Global
	GlobalSection(SolutionConfigurationPlatforms) = preSolution
		Debug|Any CPU = Debug|Any CPU
		Release|Any CPU = Release|Any CPU
	EndGlobalSection
	GlobalSection(ProjectConfigurationPlatforms) = postSolution
		{65B38C13-7A99-44A4-9956-6CA010979658}.Debug|Any CPU.ActiveCfg = Debug|Any CPU
		{65B38C13-7A99-44A4-9956-6CA010979658}.Debug|Any CPU.Build.0 = Debug|Any CPU
		{65B38C13-7A99-44A4-9956-6CA010979658}.Release|Any CPU.ActiveCfg = Release|Any CPU
		{65B38C13-7A99-44A4-9956-6CA010979658}.Release|Any CPU.Build.0 = Release|Any CPU
	EndGlobalSection
	GlobalSection(SolutionProperties) = preSolution
		HideSolutionNode = FALSE
	EndGlobalSection
	GlobalSection(ExtensibilityGlobals) = postSolution
		SolutionGuid = {83B3BB8D-2DEF-436C-B9DE-D7B0D32CBA5A}
	EndGlobalSection
EndGlobal
